
Microsoft Visual Studio Solution File, Format Version 12.00
# Visual Studio Version 17
VisualStudioVersion = 17.6.33829.357
MinimumVisualStudioVersion = 10.0.40219.1
Project("{FAE04EC0-301F-11D3-BF4B-00C04F79EFBC}") = "byteVariables", "byteVariables\byteVariables.csproj", "{5238485B-202A-4A85-942C-666F03F60C6F}"
EndProject
Global
	GlobalSection(SolutionConfigurationPlatforms) = preSolution
		Debug|Any CPU = Debug|Any CPU
		Release|Any CPU = Release|Any CPU
	EndGlobalSection
	GlobalSection(ProjectConfigurationPlatforms) = postSolution
		{5238485B-202A-4A85-942C-666F03F60C6F}.Debug|Any CPU.ActiveCfg = Debug|Any CPU
		{5238485B-202A-4A85-942C-666F03F60C6F}.Debug|Any CPU.Build.0 = Debug|Any CPU
		{5238485B-202A-4A85-942C-666F03F60C6F}.Release|Any CPU.ActiveCfg = Release|Any CPU
		{5238485B-202A-4A85-942C-666F03F60C6F}.Release|Any CPU.Build.0 = Release|Any CPU
	EndGlobalSection
	GlobalSection(SolutionProperties) = preSolution
		HideSolutionNode = FALSE
	EndGlobalSection
	GlobalSection(ExtensibilityGlobals) = postSolution
		SolutionGuid = {E5F1A1A8-44D9-4D98-B32C-F2C62960B77C}
	EndGlobalSection
EndGlobal
